{
  "name": "typescript-demos",
  "version": "1.0.0",
  "lockfileVersion": 2,
  "requires": true,
  "packages": {
    "": {
      "name": "typescript-demos",
      "version": "1.0.0",
      "license": "ISC",
      "devDependencies": {
        "typescript": "^5.0.0-dev.20221219"
      }
    },
    "node_modules/typescript": {
      "version": "5.0.0-dev.20221219",
      "resolved": "https://registry.npmjs.org/typescript/-/typescript-5.0.0-dev.20221219.tgz",
      "integrity": "sha512-/ZglDGQtpeVudCAVJuEdM8K8vUCA1yPMpsk3y08/ZXn6dxk/D1hy59FEI25/EHqsACElN++9CoKzkJS1wBTiRw==",
      "dev": true,
      "bin": {
        "tsc": "bin/tsc",
        "tsserver": "bin/tsserver"
      },
      "engines": {
        "node": ">=4.2.0"
      }
    }
  },
  "dependencies": {
    "typescript": {
      "version": "5.0.0-dev.20221219",
      "resolved": "https://registry.npmjs.org/typescript/-/typescript-5.0.0-dev.20221219.tgz",
      "integrity": "sha512-/ZglDGQtpeVudCAVJuEdM8K8vUCA1yPMpsk3y08/ZXn6dxk/D1hy59FEI25/EHqsACElN++9CoKzkJS1wBTiRw==",
      "dev": true
    }
  }
}
